
Microsoft Visual Studio Solution File, Format Version 12.00
# Visual Studio Version 17
VisualStudioVersion = 17.14.36408.4 d17.14
MinimumVisualStudioVersion = 10.0.40219.1
Project("{FAE04EC0-301F-11D3-BF4B-00C04F79EFBC}") = "UnitConverter", "UnitConverter.csproj", "{FF920CD3-BA56-4F04-86E9-94800863ABCF}"
EndProject
Global
	GlobalSection(SolutionConfigurationPlatforms) = preSolution
		Debug|Any CPU = Debug|Any CPU
		Release|Any CPU = Release|Any CPU
	EndGlobalSection
	GlobalSection(ProjectConfigurationPlatforms) = postSolution
		{FF920CD3-BA56-4F04-86E9-94800863ABCF}.Debug|Any CPU.ActiveCfg = Debug|Any CPU
		{FF920CD3-BA56-4F04-86E9-94800863ABCF}.Debug|Any CPU.Build.0 = Debug|Any CPU
		{FF920CD3-BA56-4F04-86E9-94800863ABCF}.Release|Any CPU.ActiveCfg = Release|Any CPU
		{FF920CD3-BA56-4F04-86E9-94800863ABCF}.Release|Any CPU.Build.0 = Release|Any CPU
	EndGlobalSection
	GlobalSection(SolutionProperties) = preSolution
		HideSolutionNode = FALSE
	EndGlobalSection
	GlobalSection(ExtensibilityGlobals) = postSolution
		SolutionGuid = {CE912C14-DE1D-4A79-B69B-AF97749F27E8}
	EndGlobalSection
EndGlobal
