
Microsoft Visual Studio Solution File, Format Version 12.00
# Visual Studio Version 17
VisualStudioVersion = 17.14.36310.24
MinimumVisualStudioVersion = 10.0.40219.1
Project("{FAE04EC0-301F-11D3-BF4B-00C04F79EFBC}") = "PopUpForm", "PopUpForm\PopUpForm.csproj", "{1B400041-66BA-4817-997B-B3436BC2BB78}"
EndProject
Project("{930C7802-8A8C-48F9-8165-68863BCCD9DD}") = "WiXProject", "WiXProject\WiXProject.wixproj", "{4E2D817D-030D-4598-B7D9-5707C845C976}"
EndProject
Global
	GlobalSection(SolutionConfigurationPlatforms) = preSolution
		Debug|Any CPU = Debug|Any CPU
		Debug|x86 = Debug|x86
		Release|Any CPU = Release|Any CPU
		Release|x86 = Release|x86
	EndGlobalSection
	GlobalSection(ProjectConfigurationPlatforms) = postSolution
		{1B400041-66BA-4817-997B-B3436BC2BB78}.Debug|Any CPU.ActiveCfg = Debug|Any CPU
		{1B400041-66BA-4817-997B-B3436BC2BB78}.Debug|Any CPU.Build.0 = Debug|Any CPU
		{1B400041-66BA-4817-997B-B3436BC2BB78}.Debug|x86.ActiveCfg = Debug|Any CPU
		{1B400041-66BA-4817-997B-B3436BC2BB78}.Debug|x86.Build.0 = Debug|Any CPU
		{1B400041-66BA-4817-997B-B3436BC2BB78}.Release|Any CPU.ActiveCfg = Release|Any CPU
		{1B400041-66BA-4817-997B-B3436BC2BB78}.Release|Any CPU.Build.0 = Release|Any CPU
		{1B400041-66BA-4817-997B-B3436BC2BB78}.Release|x86.ActiveCfg = Release|Any CPU
		{1B400041-66BA-4817-997B-B3436BC2BB78}.Release|x86.Build.0 = Release|Any CPU
		{4E2D817D-030D-4598-B7D9-5707C845C976}.Debug|Any CPU.ActiveCfg = Debug|x86
		{4E2D817D-030D-4598-B7D9-5707C845C976}.Debug|Any CPU.Build.0 = Debug|x86
		{4E2D817D-030D-4598-B7D9-5707C845C976}.Debug|x86.ActiveCfg = Debug|x86
		{4E2D817D-030D-4598-B7D9-5707C845C976}.Debug|x86.Build.0 = Debug|x86
		{4E2D817D-030D-4598-B7D9-5707C845C976}.Release|Any CPU.ActiveCfg = Release|x86
		{4E2D817D-030D-4598-B7D9-5707C845C976}.Release|Any CPU.Build.0 = Release|x86
		{4E2D817D-030D-4598-B7D9-5707C845C976}.Release|x86.ActiveCfg = Release|x86
		{4E2D817D-030D-4598-B7D9-5707C845C976}.Release|x86.Build.0 = Release|x86
	EndGlobalSection
	GlobalSection(SolutionProperties) = preSolution
		HideSolutionNode = FALSE
	EndGlobalSection
	GlobalSection(ExtensibilityGlobals) = postSolution
		SolutionGuid = {A9262B9E-E97C-4E61-8987-92069E1D97D3}
	EndGlobalSection
EndGlobal
